// !$*UTF8*$!
{
	archiveVersion = 1;
	classes = {
	};
	objectVersion = 55;
	objects = {

/* Begin PBXBuildFile section */
		046854D228463408009AF412 /* AppDelegate.m in Sources */ = {isa = PBXBuildFile; fileRef = 046854D128463408009AF412 /* AppDelegate.m */; };
		046854D528463408009AF412 /* SceneDelegate.m in Sources */ = {isa = PBXBuildFile; fileRef = 046854D428463408009AF412 /* SceneDelegate.m */; };
		046854D828463408009AF412 /* ViewController.m in Sources */ = {isa = PBXBuildFile; fileRef = 046854D728463408009AF412 /* ViewController.m */; };
		046854DB28463408009AF412 /* Main.storyboard in Resources */ = {isa = PBXBuildFile; fileRef = 046854D928463408009AF412 /* Main.storyboard */; };
		046854DD28463409009AF412 /* Assets.xcassets in Resources */ = {isa = PBXBuildFile; fileRef = 046854DC28463409009AF412 /* Assets.xcassets */; };
		046854E028463409009AF412 /* LaunchScreen.storyboard in Resources */ = {isa = PBXBuildFile; fileRef = 046854DE28463409009AF412 /* LaunchScreen.storyboard */; };
		046854E328463409009AF412 /* main.m in Sources */ = {isa = PBXBuildFile; fileRef = 046854E228463409009AF412 /* main.m */; };
		046854EB284634B2009AF412 /* MapKit.framework in Frameworks */ = {isa = PBXBuildFile; fileRef = 046854EA284634B2009AF412 /* MapKit.framework */; };
		046854F428463C9A009AF412 /* my_annotation.m in Sources */ = {isa = PBXBuildFile; fileRef = 046854F328463C99009AF412 /* my_annotation.m */; };
/* End PBXBuildFile section */

/* Begin PBXFileReference section */
		046854CD28463408009AF412 /* map_view.app */ = {isa = PBXFileReference; explicitFileType = wrapper.application; includeInIndex = 0; path = map_view.app; sourceTree = BUILT_PRODUCTS_DIR; };
		046854D028463408009AF412 /* AppDelegate.h */ = {isa = PBXFileReference; lastKnownFileType = sourcecode.c.h; path = AppDelegate.h; sourceTree = "<group>"; };
		046854D128463408009AF412 /* AppDelegate.m */ = {isa = PBXFileReference; lastKnownFileType = sourcecode.c.objc; path = AppDelegate.m; sourceTree = "<group>"; };
		046854D328463408009AF412 /* SceneDelegate.h */ = {isa = PBXFileReference; lastKnownFileType = sourcecode.c.h; path = SceneDelegate.h; sourceTree = "<group>"; };
		046854D428463408009AF412 /* SceneDelegate.m */ = {isa = PBXFileReference; lastKnownFileType = sourcecode.c.objc; path = SceneDelegate.m; sourceTree = "<group>"; };
		046854D628463408009AF412 /* ViewController.h */ = {isa = PBXFileReference; lastKnownFileType = sourcecode.c.h; path = ViewController.h; sourceTree = "<group>"; };
		046854D728463408009AF412 /* ViewController.m */ = {isa = PBXFileReference; lastKnownFileType = sourcecode.c.objc; path = ViewController.m; sourceTree = "<group>"; };
		046854DA28463408009AF412 /* Base */ = {isa = PBXFileReference; lastKnownFileType = file.storyboard; name = Base; path = Base.lproj/Main.storyboard; sourceTree = "<group>"; };
		046854DC28463409009AF412 /* Assets.xcassets */ = {isa = PBXFileReference; lastKnownFileType = folder.assetcatalog; path = Assets.xcassets; sourceTree = "<group>"; };
		046854DF28463409009AF412 /* Base */ = {isa = PBXFileReference; lastKnownFileType = file.storyboard; name = Base; path = Base.lproj/LaunchScreen.storyboard; sourceTree = "<group>"; };
		046854E128463409009AF412 /* Info.plist */ = {isa = PBXFileReference; lastKnownFileType = text.plist.xml; path = Info.plist; sourceTree = "<group>"; };
		046854E228463409009AF412 /* main.m */ = {isa = PBXFileReference; lastKnownFileType = sourcecode.c.objc; path = main.m; sourceTree = "<group>"; };
		046854EA284634B2009AF412 /* MapKit.framework */ = {isa = PBXFileReference; lastKnownFileType = wrapper.framework; name = MapKit.framework; path = System/Library/Frameworks/MapKit.framework; sourceTree = SDKROOT; };
		046854F228463C99009AF412 /* my_annotation.h */ = {isa = PBXFileReference; lastKnownFileType = sourcecode.c.h; path = my_annotation.h; sourceTree = "<group>"; };
		046854F328463C99009AF412 /* my_annotation.m */ = {isa = PBXFileReference; lastKnownFileType = sourcecode.c.objc; path = my_annotation.m; sourceTree = "<group>"; };
/* End PBXFileReference section */

/* Begin PBXFrameworksBuildPhase section */
		046854CA28463408009AF412 /* Frameworks */ = {
			isa = PBXFrameworksBuildPhase;
			buildActionMask = 2147483647;
			files = (
				046854EB284634B2009AF412 /* MapKit.framework in Frameworks */,
			);
			runOnlyForDeploymentPostprocessing = 0;
		};
/* End PBXFrameworksBuildPhase section */

/* Begin PBXGroup section */
		046854C428463408009AF412 = {
			isa = PBXGroup;
			children = (
				046854CF28463408009AF412 /* map_view */,
				046854CE28463408009AF412 /* Products */,
				046854E9284634B2009AF412 /* Frameworks */,
			);
			sourceTree = "<group>";
		};
		046854CE28463408009AF412 /* Products */ = {
			isa = PBXGroup;
			children = (
				046854CD28463408009AF412 /* map_view.app */,
			);
			name = Products;
			sourceTree = "<group>";
		};
		046854CF28463408009AF412 /* map_view */ = {
			isa = PBXGroup;
			children = (
				046854D028463408009AF412 /* AppDelegate.h */,
				046854D128463408009AF412 /* AppDelegate.m */,
				046854D328463408009AF412 /* SceneDelegate.h */,
				046854D428463408009AF412 /* SceneDelegate.m */,
				046854D628463408009AF412 /* ViewController.h */,
				046854D728463408009AF412 /* ViewController.m */,
				046854F228463C99009AF412 /* my_annotation.h */,
				046854F328463C99009AF412 /* my_annotation.m */,
				046854D928463408009AF412 /* Main.storyboard */,
				046854DC28463409009AF412 /* Assets.xcassets */,
				046854DE28463409009AF412 /* LaunchScreen.storyboard */,
				046854E128463409009AF412 /* Info.plist */,
				046854E228463409009AF412 /* main.m */,
			);
			path = map_view;
			sourceTree = "<group>";
		};
		046854E9284634B2009AF412 /* Frameworks */ = {
			isa = PBXGroup;
			children = (
				046854EA284634B2009AF412 /* MapKit.framework */,
			);
			name = Frameworks;
			sourceTree = "<group>";
		};
/* End PBXGroup section */

/* Begin PBXNativeTarget section */
		046854CC28463408009AF412 /* map_view */ = {
			isa = PBXNativeTarget;
			buildConfigurationList = 046854E628463409009AF412 /* Build configuration list for PBXNativeTarget "map_view" */;
			buildPhases = (
				046854C928463408009AF412 /* Sources */,
				046854CA28463408009AF412 /* Frameworks */,
				046854CB28463408009AF412 /* Resources */,
			);
			buildRules = (
			);
			dependencies = (
			);
			name = map_view;
			productName = map_view;
			productReference = 046854CD28463408009AF412 /* map_view.app */;
			productType = "com.apple.product-type.application";
		};
/* End PBXNativeTarget section */

/* Begin PBXProject section */
		046854C528463408009AF412 /* Project object */ = {
			isa = PBXProject;
			attributes = {
				BuildIndependentTargetsInParallel = 1;
				LastUpgradeCheck = 1300;
				TargetAttributes = {
					046854CC28463408009AF412 = {
						CreatedOnToolsVersion = 13.0;
					};
				};
			};
			buildConfigurationList = 046854C828463408009AF412 /* Build configuration list for PBXProject "map_view" */;
			compatibilityVersion = "Xcode 13.0";
			developmentRegion = en;
			hasScannedForEncodings = 0;
			knownRegions = (
				en,
				Base,
			);
			mainGroup = 046854C428463408009AF412;
			productRefGroup = 046854CE28463408009AF412 /* Products */;
			projectDirPath = "";
			projectRoot = "";
			targets = (
				046854CC28463408009AF412 /* map_view */,
			);
		};
/* End PBXProject section */

/* Begin PBXResourcesBuildPhase section */
		046854CB28463408009AF412 /* Resources */ = {
			isa = PBXResourcesBuildPhase;
			buildActionMask = 2147483647;
			files = (
				046854E028463409009AF412 /* LaunchScreen.storyboard in Resources */,
				046854DD28463409009AF412 /* Assets.xcassets in Resources */,
				046854DB28463408009AF412 /* Main.storyboard in Resources */,
			);
			runOnlyForDeploymentPostprocessing = 0;
		};
/* End PBXResourcesBuildPhase section */

/* Begin PBXSourcesBuildPhase section */
		046854C928463408009AF412 /* Sources */ = {
			isa = PBXSourcesBuildPhase;
			buildActionMask = 2147483647;
			files = (
				046854F428463C9A009AF412 /* my_annotation.m in Sources */,
				046854D828463408009AF412 /* ViewController.m in Sources */,
				046854D228463408009AF412 /* AppDelegate.m in Sources */,
				046854E328463409009AF412 /* main.m in Sources */,
				046854D528463408009AF412 /* SceneDelegate.m in Sources */,
			);
			runOnlyForDeploymentPostprocessing = 0;
		};
/* End PBXSourcesBuildPhase section */

/* Begin PBXVariantGroup section */
		046854D928463408009AF412 /* Main.storyboard */ = {
			isa = PBXVariantGroup;
			children = (
				046854DA28463408009AF412 /* Base */,
			);
			name = Main.storyboard;
			sourceTree = "<group>";
		};
		046854DE28463409009AF412 /* LaunchScreen.storyboard */ = {
			isa = PBXVariantGroup;
			children = (
				046854DF28463409009AF412 /* Base */,
			);
			name = LaunchScreen.storyboard;
			sourceTree = "<group>";
		};
/* End PBXVariantGroup section */

/* Begin XCBuildConfiguration section */
		046854E428463409009AF412 /* Debug */ = {
			isa = XCBuildConfiguration;
			buildSettings = {
				ALWAYS_SEARCH_USER_PATHS = NO;
				CLANG_ANALYZER_NONNULL = YES;
				CLANG_ANALYZER_NUMBER_OBJECT_CONVERSION = YES_AGGRESSIVE;
				CLANG_CXX_LANGUAGE_STANDARD = "gnu++17";
				CLANG_CXX_LIBRARY = "libc++";
				CLANG_ENABLE_MODULES = YES;
				CLANG_ENABLE_OBJC_ARC = YES;
				CLANG_ENABLE_OBJC_WEAK = YES;
				CLANG_WARN_BLOCK_CAPTURE_AUTORELEASING = YES;
				CLANG_WARN_BOOL_CONVERSION = YES;
				CLANG_WARN_COMMA = YES;
				CLANG_WARN_CONSTANT_CONVERSION = YES;
				CLANG_WARN_DEPRECATED_OBJC_IMPLEMENTATIONS = YES;
				CLANG_WARN_DIRECT_OBJC_ISA_USAGE = YES_ERROR;
				CLANG_WARN_DOCUMENTATION_COMMENTS = YES;
				CLANG_WARN_EMPTY_BODY = YES;
				CLANG_WARN_ENUM_CONVERSION = YES;
				CLANG_WARN_INFINITE_RECURSION = YES;
				CLANG_WARN_INT_CONVERSION = YES;
				CLANG_WARN_NON_LITERAL_NULL_CONVERSION = YES;
				CLANG_WARN_OBJC_IMPLICIT_RETAIN_SELF = YES;
				CLANG_WARN_OBJC_LITERAL_CONVERSION = YES;
				CLANG_WARN_OBJC_ROOT_CLASS = YES_ERROR;
				CLANG_WARN_QUOTED_INCLUDE_IN_FRAMEWORK_HEADER = YES;
				CLANG_WARN_RANGE_LOOP_ANALYSIS = YES;
				CLANG_WARN_STRICT_PROTOTYPES = YES;
				CLANG_WARN_SUSPICIOUS_MOVE = YES;
				CLANG_WARN_UNGUARDED_AVAILABILITY = YES_AGGRESSIVE;
				CLANG_WARN_UNREACHABLE_CODE = YES;
				CLANG_WARN__DUPLICATE_METHOD_MATCH = YES;
				COPY_PHASE_STRIP = NO;
				DEBUG_INFORMATION_FORMAT = dwarf;
				ENABLE_STRICT_OBJC_MSGSEND = YES;
				ENABLE_TESTABILITY = YES;
				GCC_C_LANGUAGE_STANDARD = gnu11;
				GCC_DYNAMIC_NO_PIC = NO;
				GCC_NO_COMMON_BLOCKS = YES;
				GCC_OPTIMIZATION_LEVEL = 0;
				GCC_PREPROCESSOR_DEFINITIONS = (
					"DEBUG=1",
					"$(inherited)",
				);
				GCC_WARN_64_TO_32_BIT_CONVERSION = YES;
				GCC_WARN_ABOUT_RETURN_TYPE = YES_ERROR;
				GCC_WARN_UNDECLARED_SELECTOR = YES;
				GCC_WARN_UNINITIALIZED_AUTOS = YES_AGGRESSIVE;
				GCC_WARN_UNUSED_FUNCTION = YES;
				GCC_WARN_UNUSED_VARIABLE = YES;
				IPHONEOS_DEPLOYMENT_TARGET = 15.0;
				MTL_ENABLE_DEBUG_INFO = INCLUDE_SOURCE;
				MTL_FAST_MATH = YES;
				ONLY_ACTIVE_ARCH = YES;
				SDKROOT = iphoneos;
			};
			name = Debug;
		};
		046854E528463409009AF412 /* Release */ = {
			isa = XCBuildConfiguration;
			buildSettings = {
				ALWAYS_SEARCH_USER_PATHS = NO;
				CLANG_ANALYZER_NONNULL = YES;
				CLANG_ANALYZER_NUMBER_OBJECT_CONVERSION = YES_AGGRESSIVE;
				CLANG_CXX_LANGUAGE_STANDARD = "gnu++17";
				CLANG_CXX_LIBRARY = "libc++";
				CLANG_ENABLE_MODULES = YES;
				CLANG_ENABLE_OBJC_ARC = YES;
				CLANG_ENABLE_OBJC_WEAK = YES;
				CLANG_WARN_BLOCK_CAPTURE_AUTORELEASING = YES;
				CLANG_WARN_BOOL_CONVERSION = YES;
				CLANG_WARN_COMMA = YES;
				CLANG_WARN_CONSTANT_CONVERSION = YES;
				CLANG_WARN_DEPRECATED_OBJC_IMPLEMENTATIONS = YES;
				CLANG_WARN_DIRECT_OBJC_ISA_USAGE = YES_ERROR;
				CLANG_WARN_DOCUMENTATION_COMMENTS = YES;
				CLANG_WARN_EMPTY_BODY = YES;
				CLANG_WARN_ENUM_CONVERSION = YES;
				CLANG_WARN_INFINITE_RECURSION = YES;
				CLANG_WARN_INT_CONVERSION = YES;
				CLANG_WARN_NON_LITERAL_NULL_CONVERSION = YES;
				CLANG_WARN_OBJC_IMPLICIT_RETAIN_SELF = YES;
				CLANG_WARN_OBJC_LITERAL_CONVERSION = YES;
				CLANG_WARN_OBJC_ROOT_CLASS = YES_ERROR;
				CLANG_WARN_QUOTED_INCLUDE_IN_FRAMEWORK_HEADER = YES;
				CLANG_WARN_RANGE_LOOP_ANALYSIS = YES;
				CLANG_WARN_STRICT_PROTOTYPES = YES;
				CLANG_WARN_SUSPICIOUS_MOVE = YES;
				CLANG_WARN_UNGUARDED_AVAILABILITY = YES_AGGRESSIVE;
				CLANG_WARN_UNREACHABLE_CODE = YES;
				CLANG_WARN__DUPLICATE_METHOD_MATCH = YES;
				COPY_PHASE_STRIP = NO;
				DEBUG_INFORMATION_FORMAT = "dwarf-with-dsym";
				ENABLE_NS_ASSERTIONS = NO;
				ENABLE_STRICT_OBJC_MSGSEND = YES;
				GCC_C_LANGUAGE_STANDARD = gnu11;
				GCC_NO_COMMON_BLOCKS = YES;
				GCC_WARN_64_TO_32_BIT_CONVERSION = YES;
				GCC_WARN_ABOUT_RETURN_TYPE = YES_ERROR;
				GCC_WARN_UNDECLARED_SELECTOR = YES;
				GCC_WARN_UNINITIALIZED_AUTOS = YES_AGGRESSIVE;
				GCC_WARN_UNUSED_FUNCTION = YES;
				GCC_WARN_UNUSED_VARIABLE = YES;
				IPHONEOS_DEPLOYMENT_TARGET = 15.0;
				MTL_ENABLE_DEBUG_INFO = NO;
				MTL_FAST_MATH = YES;
				SDKROOT = iphoneos;
				VALIDATE_PRODUCT = YES;
			};
			name = Release;
		};
		046854E728463409009AF412 /* Debug */ = {
			isa = XCBuildConfiguration;
			buildSettings = {
				ASSETCATALOG_COMPILER_APPICON_NAME = AppIcon;
				ASSETCATALOG_COMPILER_GLOBAL_ACCENT_COLOR_NAME = AccentColor;
				CODE_SIGN_STYLE = Automatic;
				CURRENT_PROJECT_VERSION = 1;
				GENERATE_INFOPLIST_FILE = YES;
				INFOPLIST_FILE = map_view/Info.plist;
				INFOPLIST_KEY_UIApplicationSupportsIndirectInputEvents = YES;
				INFOPLIST_KEY_UILaunchStoryboardName = LaunchScreen;
				INFOPLIST_KEY_UIMainStoryboardFile = Main;
				INFOPLIST_KEY_UISupportedInterfaceOrientations_iPad = "UIInterfaceOrientationPortrait UIInterfaceOrientationPortraitUpsideDown UIInterfaceOrientationLandscapeLeft UIInterfaceOrientationLandscapeRight";
				INFOPLIST_KEY_UISupportedInterfaceOrientations_iPhone = "UIInterfaceOrientationPortrait UIInterfaceOrientationLandscapeLeft UIInterfaceOrientationLandscapeRight";
				LD_RUNPATH_SEARCH_PATHS = (
					"$(inherited)",
					"@executable_path/Frameworks",
				);
				MARKETING_VERSION = 1.0;
				PRODUCT_BUNDLE_IDENTIFIER = "M.saad.map-view";
				PRODUCT_NAME = "$(TARGET_NAME)";
				SWIFT_EMIT_LOC_STRINGS = YES;
				TARGETED_DEVICE_FAMILY = "1,2";
			};
			name = Debug;
		};
		046854E828463409009AF412 /* Release */ = {
			isa = XCBuildConfiguration;
			buildSettings = {
				ASSETCATALOG_COMPILER_APPICON_NAME = AppIcon;
				ASSETCATALOG_COMPILER_GLOBAL_ACCENT_COLOR_NAME = AccentColor;
				CODE_SIGN_STYLE = Automatic;
				CURRENT_PROJECT_VERSION = 1;
				GENERATE_INFOPLIST_FILE = YES;
				INFOPLIST_FILE = map_view/Info.plist;
				INFOPLIST_KEY_UIApplicationSupportsIndirectInputEvents = YES;
				INFOPLIST_KEY_UILaunchStoryboardName = LaunchScreen;
				INFOPLIST_KEY_UIMainStoryboardFile = Main;
				INFOPLIST_KEY_UISupportedInterfaceOrientations_iPad = "UIInterfaceOrientationPortrait UIInterfaceOrientationPortraitUpsideDown UIInterfaceOrientationLandscapeLeft UIInterfaceOrientationLandscapeRight";
				INFOPLIST_KEY_UISupportedInterfaceOrientations_iPhone = "UIInterfaceOrientationPortrait UIInterfaceOrientationLandscapeLeft UIInterfaceOrientationLandscapeRight";
				LD_RUNPATH_SEARCH_PATHS = (
					"$(inherited)",
					"@executable_path/Frameworks",
				);
				MARKETING_VERSION = 1.0;
				PRODUCT_BUNDLE_IDENTIFIER = "M.saad.map-view";
				PRODUCT_NAME = "$(TARGET_NAME)";
				SWIFT_EMIT_LOC_STRINGS = YES;
				TARGETED_DEVICE_FAMILY = "1,2";
			};
			name = Release;
		};
/* End XCBuildConfiguration section */

/* Begin XCConfigurationList section */
		046854C828463408009AF412 /* Build configuration list for PBXProject "map_view" */ = {
			isa = XCConfigurationList;
			buildConfigurations = (
				046854E428463409009AF412 /* Debug */,
				046854E528463409009AF412 /* Release */,
			);
			defaultConfigurationIsVisible = 0;
			defaultConfigurationName = Release;
		};
		046854E628463409009AF412 /* Build configuration list for PBXNativeTarget "map_view" */ = {
			isa = XCConfigurationList;
			buildConfigurations = (
				046854E728463409009AF412 /* Debug */,
				046854E828463409009AF412 /* Release */,
			);
			defaultConfigurationIsVisible = 0;
			defaultConfigurationName = Release;
		};
/* End XCConfigurationList section */
	};
	rootObject = 046854C528463408009AF412 /* Project object */;
}
